
Microsoft Visual Studio Solution File, Format Version 12.00
# Visual Studio 15
VisualStudioVersion = 15.0.28010.2016
MinimumVisualStudioVersion = 10.0.40219.1
Project("{FAE04EC0-301F-11D3-BF4B-00C04F79EFBC}") = "4InaRow", "4InaRow\4InaRow.csproj", "{9F5F5547-2103-477F-922D-B0C16899EB74}"
EndProject
Global
	GlobalSection(SolutionConfigurationPlatforms) = preSolution
		Debug|Any CPU = Debug|Any CPU
		Release|Any CPU = Release|Any CPU
	EndGlobalSection
	GlobalSection(ProjectConfigurationPlatforms) = postSolution
		{9F5F5547-2103-477F-922D-B0C16899EB74}.Debug|Any CPU.ActiveCfg = Debug|Any CPU
		{9F5F5547-2103-477F-922D-B0C16899EB74}.Debug|Any CPU.Build.0 = Debug|Any CPU
		{9F5F5547-2103-477F-922D-B0C16899EB74}.Release|Any CPU.ActiveCfg = Release|Any CPU
		{9F5F5547-2103-477F-922D-B0C16899EB74}.Release|Any CPU.Build.0 = Release|Any CPU
	EndGlobalSection
	GlobalSection(SolutionProperties) = preSolution
		HideSolutionNode = FALSE
	EndGlobalSection
	GlobalSection(ExtensibilityGlobals) = postSolution
		SolutionGuid = {91B6C44E-07E6-449D-94BF-6B2252E1CEDB}
	EndGlobalSection
EndGlobal
